// !$*UTF8*$!
{
	archiveVersion = 1;
	classes = {
	};
	objectVersion = 48;
	objects = {

/* Begin PBXBuildFile section */
		4C0677B6D7E4746BFAE9E4AA /* Pods_idwall_desafios_iddog.framework in Frameworks */ = {isa = PBXBuildFile; fileRef = 171D6876A6B45FFBFED7D86E /* Pods_idwall_desafios_iddog.framework */; };
		A0254B6321487218009597C7 /* AppDelegate.swift in Sources */ = {isa = PBXBuildFile; fileRef = A0254B6221487218009597C7 /* AppDelegate.swift */; };
		A0254B6521487218009597C7 /* LoginController.swift in Sources */ = {isa = PBXBuildFile; fileRef = A0254B6421487218009597C7 /* LoginController.swift */; };
		A0254B6B21487218009597C7 /* idwall_desafios_iddog.xcdatamodeld in Sources */ = {isa = PBXBuildFile; fileRef = A0254B6921487218009597C7 /* idwall_desafios_iddog.xcdatamodeld */; };
		A0254B6D21487218009597C7 /* Assets.xcassets in Resources */ = {isa = PBXBuildFile; fileRef = A0254B6C21487218009597C7 /* Assets.xcassets */; };
		A0254B78214876C5009597C7 /* LoginView.swift in Sources */ = {isa = PBXBuildFile; fileRef = A0254B77214876C5009597C7 /* LoginView.swift */; };
		A0254B7A21487994009597C7 /* ConstraintExtensions.swift in Sources */ = {isa = PBXBuildFile; fileRef = A0254B7921487994009597C7 /* ConstraintExtensions.swift */; };
		A02D57012149933400A6B730 /* TextFieldExtensions.swift in Sources */ = {isa = PBXBuildFile; fileRef = A02D57002149933400A6B730 /* TextFieldExtensions.swift */; };
		A02F46C8214BD20200B31471 /* UserDefaultsManager.swift in Sources */ = {isa = PBXBuildFile; fileRef = A02F46C7214BD20200B31471 /* UserDefaultsManager.swift */; };
		A0474C0421499E2500A75BE6 /* ColorExtensions.swift in Sources */ = {isa = PBXBuildFile; fileRef = A0474C0321499E2500A75BE6 /* ColorExtensions.swift */; };
		A0474C062149A0F700A75BE6 /* ButtonExtensions.swift in Sources */ = {isa = PBXBuildFile; fileRef = A0474C052149A0F700A75BE6 /* ButtonExtensions.swift */; };
		A0474C082149A43700A75BE6 /* StackExtensions.swift in Sources */ = {isa = PBXBuildFile; fileRef = A0474C072149A43700A75BE6 /* StackExtensions.swift */; };
		A0474C0A2149D58700A75BE6 /* StringExtensions.swift in Sources */ = {isa = PBXBuildFile; fileRef = A0474C092149D58700A75BE6 /* StringExtensions.swift */; };
		A0E55407214C495B00B9AB33 /* TableViewCellExtensions.swift in Sources */ = {isa = PBXBuildFile; fileRef = A0E55406214C495B00B9AB33 /* TableViewCellExtensions.swift */; };
		A0FFC7D6214C39F7000655BC /* dogTypeTableView.swift in Sources */ = {isa = PBXBuildFile; fileRef = A0FFC7D5214C39F7000655BC /* dogTypeTableView.swift */; };
/* End PBXBuildFile section */

/* Begin PBXFileReference section */
		171D6876A6B45FFBFED7D86E /* Pods_idwall_desafios_iddog.framework */ = {isa = PBXFileReference; explicitFileType = wrapper.framework; includeInIndex = 0; path = Pods_idwall_desafios_iddog.framework; sourceTree = BUILT_PRODUCTS_DIR; };
		7FCA48CC7236B12AED1D7720 /* Pods-idwall_desafios_iddog.debug.xcconfig */ = {isa = PBXFileReference; includeInIndex = 1; lastKnownFileType = text.xcconfig; name = "Pods-idwall_desafios_iddog.debug.xcconfig"; path = "Pods/Target Support Files/Pods-idwall_desafios_iddog/Pods-idwall_desafios_iddog.debug.xcconfig"; sourceTree = "<group>"; };
		A0254B5F21487218009597C7 /* idwall_desafios_iddog.app */ = {isa = PBXFileReference; explicitFileType = wrapper.application; includeInIndex = 0; path = idwall_desafios_iddog.app; sourceTree = BUILT_PRODUCTS_DIR; };
		A0254B6221487218009597C7 /* AppDelegate.swift */ = {isa = PBXFileReference; lastKnownFileType = sourcecode.swift; path = AppDelegate.swift; sourceTree = "<group>"; };
		A0254B6421487218009597C7 /* LoginController.swift */ = {isa = PBXFileReference; lastKnownFileType = sourcecode.swift; path = LoginController.swift; sourceTree = "<group>"; };
		A0254B6A21487218009597C7 /* idwall_desafios_iddog.xcdatamodel */ = {isa = PBXFileReference; lastKnownFileType = wrapper.xcdatamodel; path = idwall_desafios_iddog.xcdatamodel; sourceTree = "<group>"; };
		A0254B6C21487218009597C7 /* Assets.xcassets */ = {isa = PBXFileReference; lastKnownFileType = folder.assetcatalog; path = Assets.xcassets; sourceTree = "<group>"; };
		A0254B7121487218009597C7 /* Info.plist */ = {isa = PBXFileReference; lastKnownFileType = text.plist.xml; path = Info.plist; sourceTree = "<group>"; };
		A0254B77214876C5009597C7 /* LoginView.swift */ = {isa = PBXFileReference; lastKnownFileType = sourcecode.swift; path = LoginView.swift; sourceTree = "<group>"; };
		A0254B7921487994009597C7 /* ConstraintExtensions.swift */ = {isa = PBXFileReference; lastKnownFileType = sourcecode.swift; path = ConstraintExtensions.swift; sourceTree = "<group>"; };
		A02D57002149933400A6B730 /* TextFieldExtensions.swift */ = {isa = PBXFileReference; lastKnownFileType = sourcecode.swift; path = TextFieldExtensions.swift; sourceTree = "<group>"; };
		A02F46C7214BD20200B31471 /* UserDefaultsManager.swift */ = {isa = PBXFileReference; lastKnownFileType = sourcecode.swift; path = UserDefaultsManager.swift; sourceTree = "<group>"; };
		A0474C0321499E2500A75BE6 /* ColorExtensions.swift */ = {isa = PBXFileReference; lastKnownFileType = sourcecode.swift; path = ColorExtensions.swift; sourceTree = "<group>"; };
		A0474C052149A0F700A75BE6 /* ButtonExtensions.swift */ = {isa = PBXFileReference; lastKnownFileType = sourcecode.swift; name = ButtonExtensions.swift; path = idwall_desafios_iddog/Extensions/ButtonExtensions.swift; sourceTree = SOURCE_ROOT; };
		A0474C072149A43700A75BE6 /* StackExtensions.swift */ = {isa = PBXFileReference; lastKnownFileType = sourcecode.swift; name = StackExtensions.swift; path = idwall_desafios_iddog/Extensions/StackExtensions.swift; sourceTree = SOURCE_ROOT; };
		A0474C092149D58700A75BE6 /* StringExtensions.swift */ = {isa = PBXFileReference; lastKnownFileType = sourcecode.swift; path = StringExtensions.swift; sourceTree = "<group>"; };
		A0E55406214C495B00B9AB33 /* TableViewCellExtensions.swift */ = {isa = PBXFileReference; lastKnownFileType = sourcecode.swift; path = TableViewCellExtensions.swift; sourceTree = "<group>"; };
		A0FFC7D5214C39F7000655BC /* dogTypeTableView.swift */ = {isa = PBXFileReference; lastKnownFileType = sourcecode.swift; path = dogTypeTableView.swift; sourceTree = "<group>"; };
		F47435F40B3CB0058BE90518 /* Pods-idwall_desafios_iddog.release.xcconfig */ = {isa = PBXFileReference; includeInIndex = 1; lastKnownFileType = text.xcconfig; name = "Pods-idwall_desafios_iddog.release.xcconfig"; path = "Pods/Target Support Files/Pods-idwall_desafios_iddog/Pods-idwall_desafios_iddog.release.xcconfig"; sourceTree = "<group>"; };
/* End PBXFileReference section */

/* Begin PBXFrameworksBuildPhase section */
		A0254B5C21487218009597C7 /* Frameworks */ = {
			isa = PBXFrameworksBuildPhase;
			buildActionMask = 2147483647;
			files = (
				4C0677B6D7E4746BFAE9E4AA /* Pods_idwall_desafios_iddog.framework in Frameworks */,
			);
			runOnlyForDeploymentPostprocessing = 0;
		};
/* End PBXFrameworksBuildPhase section */

/* Begin PBXGroup section */
		71839FD136E70556D18A5A6B /* Pods */ = {
			isa = PBXGroup;
			children = (
				7FCA48CC7236B12AED1D7720 /* Pods-idwall_desafios_iddog.debug.xcconfig */,
				F47435F40B3CB0058BE90518 /* Pods-idwall_desafios_iddog.release.xcconfig */,
			);
			name = Pods;
			sourceTree = "<group>";
		};
		9465E33235377A22D74A0BB5 /* Frameworks */ = {
			isa = PBXGroup;
			children = (
				171D6876A6B45FFBFED7D86E /* Pods_idwall_desafios_iddog.framework */,
			);
			name = Frameworks;
			sourceTree = "<group>";
		};
		A0254B5621487217009597C7 = {
			isa = PBXGroup;
			children = (
				A0254B6121487218009597C7 /* idwall_desafios_iddog */,
				A0254B6021487218009597C7 /* Products */,
				71839FD136E70556D18A5A6B /* Pods */,
				9465E33235377A22D74A0BB5 /* Frameworks */,
			);
			sourceTree = "<group>";
		};
		A0254B6021487218009597C7 /* Products */ = {
			isa = PBXGroup;
			children = (
				A0254B5F21487218009597C7 /* idwall_desafios_iddog.app */,
			);
			name = Products;
			sourceTree = "<group>";
		};
		A0254B6121487218009597C7 /* idwall_desafios_iddog */ = {
			isa = PBXGroup;
			children = (
				A0FFC7D4214C39B6000655BC /* dogTypeView */,
				A02D56FF2149866A00A6B730 /* LoginView */,
				A02D56FD214985C500A6B730 /* Auxiliar files */,
				A02D56FE2149863D00A6B730 /* Extensions */,
				A02F46C6214BD14A00B31471 /* Services */,
			);
			path = idwall_desafios_iddog;
			sourceTree = "<group>";
		};
		A02D56FD214985C500A6B730 /* Auxiliar files */ = {
			isa = PBXGroup;
			children = (
				A0254B6221487218009597C7 /* AppDelegate.swift */,
				A0254B6C21487218009597C7 /* Assets.xcassets */,
				A0254B7121487218009597C7 /* Info.plist */,
				A0254B6921487218009597C7 /* idwall_desafios_iddog.xcdatamodeld */,
			);
			path = "Auxiliar files";
			sourceTree = "<group>";
		};
		A02D56FE2149863D00A6B730 /* Extensions */ = {
			isa = PBXGroup;
			children = (
				A0474C072149A43700A75BE6 /* StackExtensions.swift */,
				A0474C052149A0F700A75BE6 /* ButtonExtensions.swift */,
				A02D57002149933400A6B730 /* TextFieldExtensions.swift */,
				A0254B7921487994009597C7 /* ConstraintExtensions.swift */,
				A0474C0321499E2500A75BE6 /* ColorExtensions.swift */,
				A0474C092149D58700A75BE6 /* StringExtensions.swift */,
				A0E55406214C495B00B9AB33 /* TableViewCellExtensions.swift */,
			);
			path = Extensions;
			sourceTree = "<group>";
		};
		A02D56FF2149866A00A6B730 /* LoginView */ = {
			isa = PBXGroup;
			children = (
				A0254B77214876C5009597C7 /* LoginView.swift */,
				A0254B6421487218009597C7 /* LoginController.swift */,
			);
			path = LoginView;
			sourceTree = "<group>";
		};
		A02F46C6214BD14A00B31471 /* Services */ = {
			isa = PBXGroup;
			children = (
				A02F46C7214BD20200B31471 /* UserDefaultsManager.swift */,
			);
			path = Services;
			sourceTree = "<group>";
		};
		A0FFC7D4214C39B6000655BC /* dogTypeView */ = {
			isa = PBXGroup;
			children = (
				A0FFC7D5214C39F7000655BC /* dogTypeTableView.swift */,
			);
			path = dogTypeView;
			sourceTree = "<group>";
		};
/* End PBXGroup section */

/* Begin PBXNativeTarget section */
		A0254B5E21487218009597C7 /* idwall_desafios_iddog */ = {
			isa = PBXNativeTarget;
			buildConfigurationList = A0254B7421487218009597C7 /* Build configuration list for PBXNativeTarget "idwall_desafios_iddog" */;
			buildPhases = (
				C964FD4E62EBCCFD316353AE /* [CP] Check Pods Manifest.lock */,
				A0254B5B21487218009597C7 /* Sources */,
				A0254B5C21487218009597C7 /* Frameworks */,
				A0254B5D21487218009597C7 /* Resources */,
				9630024B5A2B9BDB9CAF5143 /* [CP] Embed Pods Frameworks */,
			);
			buildRules = (
			);
			dependencies = (
			);
			name = idwall_desafios_iddog;
			productName = idwall_desafios_iddog;
			productReference = A0254B5F21487218009597C7 /* idwall_desafios_iddog.app */;
			productType = "com.apple.product-type.application";
		};
/* End PBXNativeTarget section */

/* Begin PBXProject section */
		A0254B5721487217009597C7 /* Project object */ = {
			isa = PBXProject;
			attributes = {
				LastSwiftUpdateCheck = 0900;
				LastUpgradeCheck = 0900;
				ORGANIZATIONNAME = "Lucas de Brito";
				TargetAttributes = {
					A0254B5E21487218009597C7 = {
						CreatedOnToolsVersion = 9.0;
						ProvisioningStyle = Automatic;
					};
				};
			};
			buildConfigurationList = A0254B5A21487217009597C7 /* Build configuration list for PBXProject "idwall_desafios_iddog" */;
			compatibilityVersion = "Xcode 8.0";
			developmentRegion = en;
			hasScannedForEncodings = 0;
			knownRegions = (
				en,
				Base,
			);
			mainGroup = A0254B5621487217009597C7;
			productRefGroup = A0254B6021487218009597C7 /* Products */;
			projectDirPath = "";
			projectRoot = "";
			targets = (
				A0254B5E21487218009597C7 /* idwall_desafios_iddog */,
			);
		};
/* End PBXProject section */

/* Begin PBXResourcesBuildPhase section */
		A0254B5D21487218009597C7 /* Resources */ = {
			isa = PBXResourcesBuildPhase;
			buildActionMask = 2147483647;
			files = (
				A0254B6D21487218009597C7 /* Assets.xcassets in Resources */,
			);
			runOnlyForDeploymentPostprocessing = 0;
		};
/* End PBXResourcesBuildPhase section */

/* Begin PBXShellScriptBuildPhase section */
		9630024B5A2B9BDB9CAF5143 /* [CP] Embed Pods Frameworks */ = {
			isa = PBXShellScriptBuildPhase;
			buildActionMask = 2147483647;
			files = (
			);
			inputPaths = (
				"${SRCROOT}/Pods/Target Support Files/Pods-idwall_desafios_iddog/Pods-idwall_desafios_iddog-frameworks.sh",
				"${BUILT_PRODUCTS_DIR}/Alamofire/Alamofire.framework",
				"${BUILT_PRODUCTS_DIR}/SwiftyJSON/SwiftyJSON.framework",
			);
			name = "[CP] Embed Pods Frameworks";
			outputPaths = (
				"${TARGET_BUILD_DIR}/${FRAMEWORKS_FOLDER_PATH}/Alamofire.framework",
				"${TARGET_BUILD_DIR}/${FRAMEWORKS_FOLDER_PATH}/SwiftyJSON.framework",
			);
			runOnlyForDeploymentPostprocessing = 0;
			shellPath = /bin/sh;
			shellScript = "\"${SRCROOT}/Pods/Target Support Files/Pods-idwall_desafios_iddog/Pods-idwall_desafios_iddog-frameworks.sh\"\n";
			showEnvVarsInLog = 0;
		};
		C964FD4E62EBCCFD316353AE /* [CP] Check Pods Manifest.lock */ = {
			isa = PBXShellScriptBuildPhase;
			buildActionMask = 2147483647;
			files = (
			);
			inputPaths = (
				"${PODS_PODFILE_DIR_PATH}/Podfile.lock",
				"${PODS_ROOT}/Manifest.lock",
			);
			name = "[CP] Check Pods Manifest.lock";
			outputPaths = (
				"$(DERIVED_FILE_DIR)/Pods-idwall_desafios_iddog-checkManifestLockResult.txt",
			);
			runOnlyForDeploymentPostprocessing = 0;
			shellPath = /bin/sh;
			shellScript = "diff \"${PODS_PODFILE_DIR_PATH}/Podfile.lock\" \"${PODS_ROOT}/Manifest.lock\" > /dev/null\nif [ $? != 0 ] ; then\n    # print error to STDERR\n    echo \"error: The sandbox is not in sync with the Podfile.lock. Run 'pod install' or update your CocoaPods installation.\" >&2\n    exit 1\nfi\n# This output is used by Xcode 'outputs' to avoid re-running this script phase.\necho \"SUCCESS\" > \"${SCRIPT_OUTPUT_FILE_0}\"\n";
			showEnvVarsInLog = 0;
		};
/* End PBXShellScriptBuildPhase section */

/* Begin PBXSourcesBuildPhase section */
		A0254B5B21487218009597C7 /* Sources */ = {
			isa = PBXSourcesBuildPhase;
			buildActionMask = 2147483647;
			files = (
				A0FFC7D6214C39F7000655BC /* dogTypeTableView.swift in Sources */,
				A0254B7A21487994009597C7 /* ConstraintExtensions.swift in Sources */,
				A02D57012149933400A6B730 /* TextFieldExtensions.swift in Sources */,
				A0474C0A2149D58700A75BE6 /* StringExtensions.swift in Sources */,
				A0254B6521487218009597C7 /* LoginController.swift in Sources */,
				A02F46C8214BD20200B31471 /* UserDefaultsManager.swift in Sources */,
				A0474C082149A43700A75BE6 /* StackExtensions.swift in Sources */,
				A0E55407214C495B00B9AB33 /* TableViewCellExtensions.swift in Sources */,
				A0254B6B21487218009597C7 /* idwall_desafios_iddog.xcdatamodeld in Sources */,
				A0254B78214876C5009597C7 /* LoginView.swift in Sources */,
				A0474C062149A0F700A75BE6 /* ButtonExtensions.swift in Sources */,
				A0254B6321487218009597C7 /* AppDelegate.swift in Sources */,
				A0474C0421499E2500A75BE6 /* ColorExtensions.swift in Sources */,
			);
			runOnlyForDeploymentPostprocessing = 0;
		};
/* End PBXSourcesBuildPhase section */

/* Begin XCBuildConfiguration section */
		A0254B7221487218009597C7 /* Debug */ = {
			isa = XCBuildConfiguration;
			buildSettings = {
				ALWAYS_SEARCH_USER_PATHS = NO;
				CLANG_ANALYZER_NONNULL = YES;
				CLANG_ANALYZER_NUMBER_OBJECT_CONVERSION = YES_AGGRESSIVE;
				CLANG_CXX_LANGUAGE_STANDARD = "gnu++14";
				CLANG_CXX_LIBRARY = "libc++";
				CLANG_ENABLE_MODULES = YES;
				CLANG_ENABLE_OBJC_ARC = YES;
				CLANG_WARN_BLOCK_CAPTURE_AUTORELEASING = YES;
				CLANG_WARN_BOOL_CONVERSION = YES;
				CLANG_WARN_COMMA = YES;
				CLANG_WARN_CONSTANT_CONVERSION = YES;
				CLANG_WARN_DIRECT_OBJC_ISA_USAGE = YES_ERROR;
				CLANG_WARN_DOCUMENTATION_COMMENTS = YES;
				CLANG_WARN_EMPTY_BODY = YES;
				CLANG_WARN_ENUM_CONVERSION = YES;
				CLANG_WARN_INFINITE_RECURSION = YES;
				CLANG_WARN_INT_CONVERSION = YES;
				CLANG_WARN_NON_LITERAL_NULL_CONVERSION = YES;
				CLANG_WARN_OBJC_LITERAL_CONVERSION = YES;
				CLANG_WARN_OBJC_ROOT_CLASS = YES_ERROR;
				CLANG_WARN_RANGE_LOOP_ANALYSIS = YES;
				CLANG_WARN_STRICT_PROTOTYPES = YES;
				CLANG_WARN_SUSPICIOUS_MOVE = YES;
				CLANG_WARN_UNGUARDED_AVAILABILITY = YES_AGGRESSIVE;
				CLANG_WARN_UNREACHABLE_CODE = YES;
				CLANG_WARN__DUPLICATE_METHOD_MATCH = YES;
				CODE_SIGN_IDENTITY = "iPhone Developer";
				COPY_PHASE_STRIP = NO;
				DEBUG_INFORMATION_FORMAT = dwarf;
				ENABLE_STRICT_OBJC_MSGSEND = YES;
				ENABLE_TESTABILITY = YES;
				GCC_C_LANGUAGE_STANDARD = gnu11;
				GCC_DYNAMIC_NO_PIC = NO;
				GCC_NO_COMMON_BLOCKS = YES;
				GCC_OPTIMIZATION_LEVEL = 0;
				GCC_PREPROCESSOR_DEFINITIONS = (
					"DEBUG=1",
					"$(inherited)",
				);
				GCC_WARN_64_TO_32_BIT_CONVERSION = YES;
				GCC_WARN_ABOUT_RETURN_TYPE = YES_ERROR;
				GCC_WARN_UNDECLARED_SELECTOR = YES;
				GCC_WARN_UNINITIALIZED_AUTOS = YES_AGGRESSIVE;
				GCC_WARN_UNUSED_FUNCTION = YES;
				GCC_WARN_UNUSED_VARIABLE = YES;
				IPHONEOS_DEPLOYMENT_TARGET = 11.0;
				MTL_ENABLE_DEBUG_INFO = YES;
				ONLY_ACTIVE_ARCH = YES;
				SDKROOT = iphoneos;
				SWIFT_ACTIVE_COMPILATION_CONDITIONS = DEBUG;
				SWIFT_OPTIMIZATION_LEVEL = "-Onone";
			};
			name = Debug;
		};
		A0254B7321487218009597C7 /* Release */ = {
			isa = XCBuildConfiguration;
			buildSettings = {
				ALWAYS_SEARCH_USER_PATHS = NO;
				CLANG_ANALYZER_NONNULL = YES;
				CLANG_ANALYZER_NUMBER_OBJECT_CONVERSION = YES_AGGRESSIVE;
				CLANG_CXX_LANGUAGE_STANDARD = "gnu++14";
				CLANG_CXX_LIBRARY = "libc++";
				CLANG_ENABLE_MODULES = YES;
				CLANG_ENABLE_OBJC_ARC = YES;
				CLANG_WARN_BLOCK_CAPTURE_AUTORELEASING = YES;
				CLANG_WARN_BOOL_CONVERSION = YES;
				CLANG_WARN_COMMA = YES;
				CLANG_WARN_CONSTANT_CONVERSION = YES;
				CLANG_WARN_DIRECT_OBJC_ISA_USAGE = YES_ERROR;
				CLANG_WARN_DOCUMENTATION_COMMENTS = YES;
				CLANG_WARN_EMPTY_BODY = YES;
				CLANG_WARN_ENUM_CONVERSION = YES;
				CLANG_WARN_INFINITE_RECURSION = YES;
				CLANG_WARN_INT_CONVERSION = YES;
				CLANG_WARN_NON_LITERAL_NULL_CONVERSION = YES;
				CLANG_WARN_OBJC_LITERAL_CONVERSION = YES;
				CLANG_WARN_OBJC_ROOT_CLASS = YES_ERROR;
				CLANG_WARN_RANGE_LOOP_ANALYSIS = YES;
				CLANG_WARN_STRICT_PROTOTYPES = YES;
				CLANG_WARN_SUSPICIOUS_MOVE = YES;
				CLANG_WARN_UNGUARDED_AVAILABILITY = YES_AGGRESSIVE;
				CLANG_WARN_UNREACHABLE_CODE = YES;
				CLANG_WARN__DUPLICATE_METHOD_MATCH = YES;
				CODE_SIGN_IDENTITY = "iPhone Developer";
				COPY_PHASE_STRIP = NO;
				DEBUG_INFORMATION_FORMAT = "dwarf-with-dsym";
				ENABLE_NS_ASSERTIONS = NO;
				ENABLE_STRICT_OBJC_MSGSEND = YES;
				GCC_C_LANGUAGE_STANDARD = gnu11;
				GCC_NO_COMMON_BLOCKS = YES;
				GCC_WARN_64_TO_32_BIT_CONVERSION = YES;
				GCC_WARN_ABOUT_RETURN_TYPE = YES_ERROR;
				GCC_WARN_UNDECLARED_SELECTOR = YES;
				GCC_WARN_UNINITIALIZED_AUTOS = YES_AGGRESSIVE;
				GCC_WARN_UNUSED_FUNCTION = YES;
				GCC_WARN_UNUSED_VARIABLE = YES;
				IPHONEOS_DEPLOYMENT_TARGET = 11.0;
				MTL_ENABLE_DEBUG_INFO = NO;
				SDKROOT = iphoneos;
				SWIFT_OPTIMIZATION_LEVEL = "-Owholemodule";
				VALIDATE_PRODUCT = YES;
			};
			name = Release;
		};
		A0254B7521487218009597C7 /* Debug */ = {
			isa = XCBuildConfiguration;
			baseConfigurationReference = 7FCA48CC7236B12AED1D7720 /* Pods-idwall_desafios_iddog.debug.xcconfig */;
			buildSettings = {
				ASSETCATALOG_COMPILER_APPICON_NAME = AppIcon;
				CODE_SIGN_STYLE = Automatic;
				DEVELOPMENT_TEAM = MUP49TLQUB;
				INFOPLIST_FILE = "$(SRCROOT)/idwall_desafios_iddog/Auxiliar files/Info.plist";
				IPHONEOS_DEPLOYMENT_TARGET = 10.0;
				LD_RUNPATH_SEARCH_PATHS = "$(inherited) @executable_path/Frameworks";
				PRODUCT_BUNDLE_IDENTIFIER = "com.lucas.idwall-desafios-iddog";
				PRODUCT_NAME = "$(TARGET_NAME)";
				SWIFT_VERSION = 4.0;
				TARGETED_DEVICE_FAMILY = "1,2";
			};
			name = Debug;
		};
		A0254B7621487218009597C7 /* Release */ = {
			isa = XCBuildConfiguration;
			baseConfigurationReference = F47435F40B3CB0058BE90518 /* Pods-idwall_desafios_iddog.release.xcconfig */;
			buildSettings = {
				ASSETCATALOG_COMPILER_APPICON_NAME = AppIcon;
				CODE_SIGN_STYLE = Automatic;
				DEVELOPMENT_TEAM = MUP49TLQUB;
				INFOPLIST_FILE = "$(SRCROOT)/idwall_desafios_iddog/Auxiliar files/Info.plist";
				IPHONEOS_DEPLOYMENT_TARGET = 10.0;
				LD_RUNPATH_SEARCH_PATHS = "$(inherited) @executable_path/Frameworks";
				PRODUCT_BUNDLE_IDENTIFIER = "com.lucas.idwall-desafios-iddog";
				PRODUCT_NAME = "$(TARGET_NAME)";
				SWIFT_VERSION = 4.0;
				TARGETED_DEVICE_FAMILY = "1,2";
			};
			name = Release;
		};
/* End XCBuildConfiguration section */

/* Begin XCConfigurationList section */
		A0254B5A21487217009597C7 /* Build configuration list for PBXProject "idwall_desafios_iddog" */ = {
			isa = XCConfigurationList;
			buildConfigurations = (
				A0254B7221487218009597C7 /* Debug */,
				A0254B7321487218009597C7 /* Release */,
			);
			defaultConfigurationIsVisible = 0;
			defaultConfigurationName = Release;
		};
		A0254B7421487218009597C7 /* Build configuration list for PBXNativeTarget "idwall_desafios_iddog" */ = {
			isa = XCConfigurationList;
			buildConfigurations = (
				A0254B7521487218009597C7 /* Debug */,
				A0254B7621487218009597C7 /* Release */,
			);
			defaultConfigurationIsVisible = 0;
			defaultConfigurationName = Release;
		};
/* End XCConfigurationList section */

/* Begin XCVersionGroup section */
		A0254B6921487218009597C7 /* idwall_desafios_iddog.xcdatamodeld */ = {
			isa = XCVersionGroup;
			children = (
				A0254B6A21487218009597C7 /* idwall_desafios_iddog.xcdatamodel */,
			);
			currentVersion = A0254B6A21487218009597C7 /* idwall_desafios_iddog.xcdatamodel */;
			path = idwall_desafios_iddog.xcdatamodeld;
			sourceTree = "<group>";
			versionGroupType = wrapper.xcdatamodel;
		};
/* End XCVersionGroup section */
	};
	rootObject = A0254B5721487217009597C7 /* Project object */;
}
